
Microsoft Visual Studio Solution File, Format Version 12.00
# Visual Studio Version 17
VisualStudioVersion = 17.14.36429.23 d17.14
MinimumVisualStudioVersion = 10.0.40219.1
Project("{FAE04EC0-301F-11D3-BF4B-00C04F79EFBC}") = "Tanki", "Tanki\Tanki.csproj", "{16F0504C-0DDC-41FA-BB54-F8B30E08DA8E}"
EndProject
Global
	GlobalSection(SolutionConfigurationPlatforms) = preSolution
		Debug|Any CPU = Debug|Any CPU
		Release|Any CPU = Release|Any CPU
	EndGlobalSection
	GlobalSection(ProjectConfigurationPlatforms) = postSolution
		{16F0504C-0DDC-41FA-BB54-F8B30E08DA8E}.Debug|Any CPU.ActiveCfg = Debug|Any CPU
		{16F0504C-0DDC-41FA-BB54-F8B30E08DA8E}.Debug|Any CPU.Build.0 = Debug|Any CPU
		{16F0504C-0DDC-41FA-BB54-F8B30E08DA8E}.Release|Any CPU.ActiveCfg = Release|Any CPU
		{16F0504C-0DDC-41FA-BB54-F8B30E08DA8E}.Release|Any CPU.Build.0 = Release|Any CPU
	EndGlobalSection
	GlobalSection(SolutionProperties) = preSolution
		HideSolutionNode = FALSE
	EndGlobalSection
	GlobalSection(ExtensibilityGlobals) = postSolution
		SolutionGuid = {B0E04C96-0B8D-4792-9704-5CB7825F92B5}
	EndGlobalSection
EndGlobal
